
Microsoft Visual Studio Solution File, Format Version 12.00
# Visual Studio Version 17
VisualStudioVersion = 17.10.35027.167
MinimumVisualStudioVersion = 10.0.40219.1
Project("{9A19103F-16F7-4668-BE54-9A1E7A4F7556}") = "Gurung.Wrapper", "WrapperLibrary\Gurung.Wrapper.csproj", "{21A2C1A5-4E22-4F56-9C8B-E4637FE75EEC}"
EndProject
Global
	GlobalSection(SolutionConfigurationPlatforms) = preSolution
		Debug|Any CPU = Debug|Any CPU
		Release|Any CPU = Release|Any CPU
	EndGlobalSection
	GlobalSection(ProjectConfigurationPlatforms) = postSolution
		{21A2C1A5-4E22-4F56-9C8B-E4637FE75EEC}.Debug|Any CPU.ActiveCfg = Debug|Any CPU
		{21A2C1A5-4E22-4F56-9C8B-E4637FE75EEC}.Debug|Any CPU.Build.0 = Debug|Any CPU
		{21A2C1A5-4E22-4F56-9C8B-E4637FE75EEC}.Release|Any CPU.ActiveCfg = Release|Any CPU
		{21A2C1A5-4E22-4F56-9C8B-E4637FE75EEC}.Release|Any CPU.Build.0 = Release|Any CPU
	EndGlobalSection
	GlobalSection(SolutionProperties) = preSolution
		HideSolutionNode = FALSE
	EndGlobalSection
	GlobalSection(ExtensibilityGlobals) = postSolution
		SolutionGuid = {FF1E2E90-A8EF-4DB2-83CC-0830DA45E444}
	EndGlobalSection
EndGlobal
