
Microsoft Visual Studio Solution File, Format Version 12.00
# Visual Studio Version 17
VisualStudioVersion = 17.10.35027.167
MinimumVisualStudioVersion = 10.0.40219.1
Project("{FAE04EC0-301F-11D3-BF4B-00C04F79EFBC}") = "WrapperLibrary", "WrapperLibrary\WrapperLibrary.csproj", "{D7839012-A558-459E-8FB2-F68B7615CB73}"
EndProject
Global
	GlobalSection(SolutionConfigurationPlatforms) = preSolution
		Debug|Any CPU = Debug|Any CPU
		Release|Any CPU = Release|Any CPU
	EndGlobalSection
	GlobalSection(ProjectConfigurationPlatforms) = postSolution
		{D7839012-A558-459E-8FB2-F68B7615CB73}.Debug|Any CPU.ActiveCfg = Debug|Any CPU
		{D7839012-A558-459E-8FB2-F68B7615CB73}.Debug|Any CPU.Build.0 = Debug|Any CPU
		{D7839012-A558-459E-8FB2-F68B7615CB73}.Release|Any CPU.ActiveCfg = Release|Any CPU
		{D7839012-A558-459E-8FB2-F68B7615CB73}.Release|Any CPU.Build.0 = Release|Any CPU
	EndGlobalSection
	GlobalSection(SolutionProperties) = preSolution
		HideSolutionNode = FALSE
	EndGlobalSection
	GlobalSection(ExtensibilityGlobals) = postSolution
		SolutionGuid = {FF1E2E90-A8EF-4DB2-83CC-0830DA45E444}
	EndGlobalSection
EndGlobal
